
Microsoft Visual Studio Solution File, Format Version 12.00
# Visual Studio Version 16
VisualStudioVersion = 16.0.31702.278
MinimumVisualStudioVersion = 10.0.40219.1
Project("{8BC9CEB8-8B4A-11D0-8D11-00A0C91BC942}") = "DoublyLinkedList", "DoublyLinkedList.vcxproj", "{11E4DC9B-AF4B-438E-8B56-C005CC0E9F03}"
EndProject
Global
	GlobalSection(SolutionConfigurationPlatforms) = preSolution
		Debug|x64 = Debug|x64
		Debug|x86 = Debug|x86
		Release|x64 = Release|x64
		Release|x86 = Release|x86
	EndGlobalSection
	GlobalSection(ProjectConfigurationPlatforms) = postSolution
		{11E4DC9B-AF4B-438E-8B56-C005CC0E9F03}.Debug|x64.ActiveCfg = Debug|x64
		{11E4DC9B-AF4B-438E-8B56-C005CC0E9F03}.Debug|x64.Build.0 = Debug|x64
		{11E4DC9B-AF4B-438E-8B56-C005CC0E9F03}.Debug|x86.ActiveCfg = Debug|Win32
		{11E4DC9B-AF4B-438E-8B56-C005CC0E9F03}.Debug|x86.Build.0 = Debug|Win32
		{11E4DC9B-AF4B-438E-8B56-C005CC0E9F03}.Release|x64.ActiveCfg = Release|x64
		{11E4DC9B-AF4B-438E-8B56-C005CC0E9F03}.Release|x64.Build.0 = Release|x64
		{11E4DC9B-AF4B-438E-8B56-C005CC0E9F03}.Release|x86.ActiveCfg = Release|Win32
		{11E4DC9B-AF4B-438E-8B56-C005CC0E9F03}.Release|x86.Build.0 = Release|Win32
	EndGlobalSection
	GlobalSection(SolutionProperties) = preSolution
		HideSolutionNode = FALSE
	EndGlobalSection
	GlobalSection(ExtensibilityGlobals) = postSolution
		SolutionGuid = {A8C29D6C-38B6-4271-BD95-8E9AD0FD7042}
	EndGlobalSection
EndGlobal
